hash: a9a79d00488087d35e912d6cabc1e8c2f3ed2208b5aa7543c976e9159d3edb33
updated: 2018-02-08T21:35:20.502303488-05:00
imports:
- name: github.com/smartystreets/assertions
  version: 0b37b35ec7434b77e77a4bb29b79677cced992ea
- name: github.com/smartystreets/goconvey
  version: e5b2b7c9111590d019a696c7800593f666e1a7f4
devImports: []
